
Microsoft Visual Studio Solution File, Format Version 12.00
# Visual Studio 15
VisualStudioVersion = 15.0.26730.12
MinimumVisualStudioVersion = 10.0.40219.1
Project("{9A19103F-16F7-4668-BE54-9A1E7A4F7556}") = "Bottlecap.Net.Bots", "Bottlecap.Net.Bots.csproj", "{B16EFD05-DF2E-4D13-A025-DC0EBA69FDCB}"
EndProject
Project("{FAE04EC0-301F-11D3-BF4B-00C04F79EFBC}") = "Bottlecap.Net.Bots.Alexa", "Alexa\Bottlecap.Net.Bots.Alexa.csproj", "{A810488C-8040-42B9-9BA8-C25424C9BF60}"
EndProject
Global
	GlobalSection(SolutionConfigurationPlatforms) = preSolution
		Debug|Any CPU = Debug|Any CPU
		Release|Any CPU = Release|Any CPU
	EndGlobalSection
	GlobalSection(ProjectConfigurationPlatforms) = postSolution
		{B16EFD05-DF2E-4D13-A025-DC0EBA69FDCB}.Debug|Any CPU.ActiveCfg = Debug|Any CPU
		{B16EFD05-DF2E-4D13-A025-DC0EBA69FDCB}.Debug|Any CPU.Build.0 = Debug|Any CPU
		{B16EFD05-DF2E-4D13-A025-DC0EBA69FDCB}.Release|Any CPU.ActiveCfg = Release|Any CPU
		{B16EFD05-DF2E-4D13-A025-DC0EBA69FDCB}.Release|Any CPU.Build.0 = Release|Any CPU
		{A810488C-8040-42B9-9BA8-C25424C9BF60}.Debug|Any CPU.ActiveCfg = Debug|Any CPU
		{A810488C-8040-42B9-9BA8-C25424C9BF60}.Debug|Any CPU.Build.0 = Debug|Any CPU
		{A810488C-8040-42B9-9BA8-C25424C9BF60}.Release|Any CPU.ActiveCfg = Release|Any CPU
		{A810488C-8040-42B9-9BA8-C25424C9BF60}.Release|Any CPU.Build.0 = Release|Any CPU
	EndGlobalSection
	GlobalSection(SolutionProperties) = preSolution
		HideSolutionNode = FALSE
	EndGlobalSection
	GlobalSection(ExtensibilityGlobals) = postSolution
		SolutionGuid = {7A5B1F50-9F86-4706-B3ED-CAEB5C1A160E}
	EndGlobalSection
EndGlobal
